// !$*UTF8*$!
{
	archiveVersion = 1;
	classes = {
	};
	objectVersion = 56;
	objects = {

/* Begin PBXBuildFile section */
		C94A15D12C64F328003A94AE /* TabBarController.swift in Sources */ = {isa = PBXBuildFile; fileRef = C94A15D02C64F328003A94AE /* TabBarController.swift */; };
		C94A15D52C64F45E003A94AE /* TabBarCase.swift in Sources */ = {isa = PBXBuildFile; fileRef = C94A15D42C64F45E003A94AE /* TabBarCase.swift */; };
		C94A15D82C64F699003A94AE /* ArcadeViewController.swift in Sources */ = {isa = PBXBuildFile; fileRef = C94A15D72C64F699003A94AE /* ArcadeViewController.swift */; };
		C94A15DB2C64F6F3003A94AE /* UIViewController+.swift in Sources */ = {isa = PBXBuildFile; fileRef = C94A15DA2C64F6F3003A94AE /* UIViewController+.swift */; };
		C94A15DE2C64F71F003A94AE /* BaseView.swift in Sources */ = {isa = PBXBuildFile; fileRef = C94A15DD2C64F71F003A94AE /* BaseView.swift */; };
		C94A15E02C64F724003A94AE /* BaseViewController.swift in Sources */ = {isa = PBXBuildFile; fileRef = C94A15DF2C64F724003A94AE /* BaseViewController.swift */; };
		C94A15E32C64FD8F003A94AE /* SnapKit in Frameworks */ = {isa = PBXBuildFile; productRef = C94A15E22C64FD8F003A94AE /* SnapKit */; };
		C94A15E62C64FDD5003A94AE /* RxCocoa in Frameworks */ = {isa = PBXBuildFile; productRef = C94A15E52C64FDD5003A94AE /* RxCocoa */; };
		C94A15E82C64FDD5003A94AE /* RxSwift in Frameworks */ = {isa = PBXBuildFile; productRef = C94A15E72C64FDD5003A94AE /* RxSwift */; };
		C9E192B42C64EF9F003CF532 /* AppDelegate.swift in Sources */ = {isa = PBXBuildFile; fileRef = C9E192B32C64EF9F003CF532 /* AppDelegate.swift */; };
		C9E192B62C64EF9F003CF532 /* SceneDelegate.swift in Sources */ = {isa = PBXBuildFile; fileRef = C9E192B52C64EF9F003CF532 /* SceneDelegate.swift */; };
		C9E192B82C64EF9F003CF532 /* SearchViewController.swift in Sources */ = {isa = PBXBuildFile; fileRef = C9E192B72C64EF9F003CF532 /* SearchViewController.swift */; };
		C9E192BD2C64EFA0003CF532 /* Assets.xcassets in Resources */ = {isa = PBXBuildFile; fileRef = C9E192BC2C64EFA0003CF532 /* Assets.xcassets */; };
		C9E192C02C64EFA0003CF532 /* Base in Resources */ = {isa = PBXBuildFile; fileRef = C9E192BF2C64EFA0003CF532 /* Base */; };
/* End PBXBuildFile section */

/* Begin PBXFileReference section */
		C94A15D02C64F328003A94AE /* TabBarController.swift */ = {isa = PBXFileReference; lastKnownFileType = sourcecode.swift; path = TabBarController.swift; sourceTree = "<group>"; };
		C94A15D42C64F45E003A94AE /* TabBarCase.swift */ = {isa = PBXFileReference; lastKnownFileType = sourcecode.swift; path = TabBarCase.swift; sourceTree = "<group>"; };
		C94A15D72C64F699003A94AE /* ArcadeViewController.swift */ = {isa = PBXFileReference; lastKnownFileType = sourcecode.swift; path = ArcadeViewController.swift; sourceTree = "<group>"; };
		C94A15DA2C64F6F3003A94AE /* UIViewController+.swift */ = {isa = PBXFileReference; lastKnownFileType = sourcecode.swift; path = "UIViewController+.swift"; sourceTree = "<group>"; };
		C94A15DD2C64F71F003A94AE /* BaseView.swift */ = {isa = PBXFileReference; lastKnownFileType = sourcecode.swift; path = BaseView.swift; sourceTree = "<group>"; };
		C94A15DF2C64F724003A94AE /* BaseViewController.swift */ = {isa = PBXFileReference; lastKnownFileType = sourcecode.swift; path = BaseViewController.swift; sourceTree = "<group>"; };
		C9E192B02C64EF9F003CF532 /* AppstoreSearch.app */ = {isa = PBXFileReference; explicitFileType = wrapper.application; includeInIndex = 0; path = AppstoreSearch.app; sourceTree = BUILT_PRODUCTS_DIR; };
		C9E192B32C64EF9F003CF532 /* AppDelegate.swift */ = {isa = PBXFileReference; lastKnownFileType = sourcecode.swift; path = AppDelegate.swift; sourceTree = "<group>"; };
		C9E192B52C64EF9F003CF532 /* SceneDelegate.swift */ = {isa = PBXFileReference; lastKnownFileType = sourcecode.swift; path = SceneDelegate.swift; sourceTree = "<group>"; };
		C9E192B72C64EF9F003CF532 /* SearchViewController.swift */ = {isa = PBXFileReference; lastKnownFileType = sourcecode.swift; path = SearchViewController.swift; sourceTree = "<group>"; };
		C9E192BC2C64EFA0003CF532 /* Assets.xcassets */ = {isa = PBXFileReference; lastKnownFileType = folder.assetcatalog; path = Assets.xcassets; sourceTree = "<group>"; };
		C9E192BF2C64EFA0003CF532 /* Base */ = {isa = PBXFileReference; lastKnownFileType = file.storyboard; name = Base; path = Base.lproj/LaunchScreen.storyboard; sourceTree = "<group>"; };
		C9E192C12C64EFA0003CF532 /* Info.plist */ = {isa = PBXFileReference; lastKnownFileType = text.plist.xml; path = Info.plist; sourceTree = "<group>"; };
/* End PBXFileReference section */

/* Begin PBXFrameworksBuildPhase section */
		C9E192AD2C64EF9F003CF532 /* Frameworks */ = {
			isa = PBXFrameworksBuildPhase;
			buildActionMask = 2147483647;
			files = (
				C94A15E82C64FDD5003A94AE /* RxSwift in Frameworks */,
				C94A15E62C64FDD5003A94AE /* RxCocoa in Frameworks */,
				C94A15E32C64FD8F003A94AE /* SnapKit in Frameworks */,
			);
			runOnlyForDeploymentPostprocessing = 0;
		};
/* End PBXFrameworksBuildPhase section */

/* Begin PBXGroup section */
		C94A15C62C64F215003A94AE /* Resource */ = {
			isa = PBXGroup;
			children = (
				C9E192BC2C64EFA0003CF532 /* Assets.xcassets */,
				C9E192BE2C64EFA0003CF532 /* LaunchScreen.storyboard */,
				C9E192C12C64EFA0003CF532 /* Info.plist */,
			);
			path = Resource;
			sourceTree = "<group>";
		};
		C94A15C72C64F21F003A94AE /* Scene */ = {
			isa = PBXGroup;
			children = (
				C94A15CF2C64F320003A94AE /* TabBar */,
				C94A15D62C64F68F003A94AE /* Arcade */,
				C94A15CB2C64F2D4003A94AE /* Search */,
			);
			path = Scene;
			sourceTree = "<group>";
		};
		C94A15C82C64F226003A94AE /* Global */ = {
			isa = PBXGroup;
			children = (
				C94A15DC2C64F718003A94AE /* Base */,
				C94A15D92C64F6E8003A94AE /* Extension */,
				C94A15D22C64F444003A94AE /* Model */,
				C94A15C92C64F230003A94AE /* App */,
			);
			path = Global;
			sourceTree = "<group>";
		};
		C94A15C92C64F230003A94AE /* App */ = {
			isa = PBXGroup;
			children = (
				C9E192B32C64EF9F003CF532 /* AppDelegate.swift */,
				C9E192B52C64EF9F003CF532 /* SceneDelegate.swift */,
			);
			path = App;
			sourceTree = "<group>";
		};
		C94A15CB2C64F2D4003A94AE /* Search */ = {
			isa = PBXGroup;
			children = (
				C94A15CE2C64F2EE003A94AE /* View */,
				C94A15CD2C64F2E7003A94AE /* ViewController */,
				C94A15CC2C64F2E1003A94AE /* ViewModel */,
			);
			path = Search;
			sourceTree = "<group>";
		};
		C94A15CC2C64F2E1003A94AE /* ViewModel */ = {
			isa = PBXGroup;
			children = (
			);
			path = ViewModel;
			sourceTree = "<group>";
		};
		C94A15CD2C64F2E7003A94AE /* ViewController */ = {
			isa = PBXGroup;
			children = (
				C9E192B72C64EF9F003CF532 /* SearchViewController.swift */,
			);
			path = ViewController;
			sourceTree = "<group>";
		};
		C94A15CE2C64F2EE003A94AE /* View */ = {
			isa = PBXGroup;
			children = (
			);
			path = View;
			sourceTree = "<group>";
		};
		C94A15CF2C64F320003A94AE /* TabBar */ = {
			isa = PBXGroup;
			children = (
				C94A15D02C64F328003A94AE /* TabBarController.swift */,
			);
			path = TabBar;
			sourceTree = "<group>";
		};
		C94A15D22C64F444003A94AE /* Model */ = {
			isa = PBXGroup;
			children = (
				C94A15D32C64F44F003A94AE /* TabBar */,
			);
			path = Model;
			sourceTree = "<group>";
		};
		C94A15D32C64F44F003A94AE /* TabBar */ = {
			isa = PBXGroup;
			children = (
				C94A15D42C64F45E003A94AE /* TabBarCase.swift */,
			);
			path = TabBar;
			sourceTree = "<group>";
		};
		C94A15D62C64F68F003A94AE /* Arcade */ = {
			isa = PBXGroup;
			children = (
				C94A15D72C64F699003A94AE /* ArcadeViewController.swift */,
			);
			path = Arcade;
			sourceTree = "<group>";
		};
		C94A15D92C64F6E8003A94AE /* Extension */ = {
			isa = PBXGroup;
			children = (
				C94A15DA2C64F6F3003A94AE /* UIViewController+.swift */,
			);
			path = Extension;
			sourceTree = "<group>";
		};
		C94A15DC2C64F718003A94AE /* Base */ = {
			isa = PBXGroup;
			children = (
				C94A15DD2C64F71F003A94AE /* BaseView.swift */,
				C94A15DF2C64F724003A94AE /* BaseViewController.swift */,
			);
			path = Base;
			sourceTree = "<group>";
		};
		C9E192A72C64EF9F003CF532 = {
			isa = PBXGroup;
			children = (
				C9E192B22C64EF9F003CF532 /* AppstoreSearch */,
				C9E192B12C64EF9F003CF532 /* Products */,
			);
			sourceTree = "<group>";
		};
		C9E192B12C64EF9F003CF532 /* Products */ = {
			isa = PBXGroup;
			children = (
				C9E192B02C64EF9F003CF532 /* AppstoreSearch.app */,
			);
			name = Products;
			sourceTree = "<group>";
		};
		C9E192B22C64EF9F003CF532 /* AppstoreSearch */ = {
			isa = PBXGroup;
			children = (
				C94A15C82C64F226003A94AE /* Global */,
				C94A15C72C64F21F003A94AE /* Scene */,
				C94A15C62C64F215003A94AE /* Resource */,
			);
			path = AppstoreSearch;
			sourceTree = "<group>";
		};
/* End PBXGroup section */

/* Begin PBXNativeTarget section */
		C9E192AF2C64EF9F003CF532 /* AppstoreSearch */ = {
			isa = PBXNativeTarget;
			buildConfigurationList = C9E192C42C64EFA0003CF532 /* Build configuration list for PBXNativeTarget "AppstoreSearch" */;
			buildPhases = (
				C9E192AC2C64EF9F003CF532 /* Sources */,
				C9E192AD2C64EF9F003CF532 /* Frameworks */,
				C9E192AE2C64EF9F003CF532 /* Resources */,
			);
			buildRules = (
			);
			dependencies = (
			);
			name = AppstoreSearch;
			packageProductDependencies = (
				C94A15E22C64FD8F003A94AE /* SnapKit */,
				C94A15E52C64FDD5003A94AE /* RxCocoa */,
				C94A15E72C64FDD5003A94AE /* RxSwift */,
			);
			productName = AppstoreSearch;
			productReference = C9E192B02C64EF9F003CF532 /* AppstoreSearch.app */;
			productType = "com.apple.product-type.application";
		};
/* End PBXNativeTarget section */

/* Begin PBXProject section */
		C9E192A82C64EF9F003CF532 /* Project object */ = {
			isa = PBXProject;
			attributes = {
				BuildIndependentTargetsInParallel = 1;
				LastSwiftUpdateCheck = 1530;
				LastUpgradeCheck = 1530;
				TargetAttributes = {
					C9E192AF2C64EF9F003CF532 = {
						CreatedOnToolsVersion = 15.3;
					};
				};
			};
			buildConfigurationList = C9E192AB2C64EF9F003CF532 /* Build configuration list for PBXProject "AppstoreSearch" */;
			compatibilityVersion = "Xcode 14.0";
			developmentRegion = en;
			hasScannedForEncodings = 0;
			knownRegions = (
				en,
				Base,
			);
			mainGroup = C9E192A72C64EF9F003CF532;
			packageReferences = (
				C94A15E12C64FD8F003A94AE /* XCRemoteSwiftPackageReference "SnapKit" */,
				C94A15E42C64FDD5003A94AE /* XCRemoteSwiftPackageReference "RxSwift" */,
			);
			productRefGroup = C9E192B12C64EF9F003CF532 /* Products */;
			projectDirPath = "";
			projectRoot = "";
			targets = (
				C9E192AF2C64EF9F003CF532 /* AppstoreSearch */,
			);
		};
/* End PBXProject section */

/* Begin PBXResourcesBuildPhase section */
		C9E192AE2C64EF9F003CF532 /* Resources */ = {
			isa = PBXResourcesBuildPhase;
			buildActionMask = 2147483647;
			files = (
				C9E192BD2C64EFA0003CF532 /* Assets.xcassets in Resources */,
				C9E192C02C64EFA0003CF532 /* Base in Resources */,
			);
			runOnlyForDeploymentPostprocessing = 0;
		};
/* End PBXResourcesBuildPhase section */

/* Begin PBXSourcesBuildPhase section */
		C9E192AC2C64EF9F003CF532 /* Sources */ = {
			isa = PBXSourcesBuildPhase;
			buildActionMask = 2147483647;
			files = (
				C94A15DB2C64F6F3003A94AE /* UIViewController+.swift in Sources */,
				C9E192B82C64EF9F003CF532 /* SearchViewController.swift in Sources */,
				C94A15D12C64F328003A94AE /* TabBarController.swift in Sources */,
				C94A15D82C64F699003A94AE /* ArcadeViewController.swift in Sources */,
				C9E192B42C64EF9F003CF532 /* AppDelegate.swift in Sources */,
				C94A15E02C64F724003A94AE /* BaseViewController.swift in Sources */,
				C9E192B62C64EF9F003CF532 /* SceneDelegate.swift in Sources */,
				C94A15D52C64F45E003A94AE /* TabBarCase.swift in Sources */,
				C94A15DE2C64F71F003A94AE /* BaseView.swift in Sources */,
			);
			runOnlyForDeploymentPostprocessing = 0;
		};
/* End PBXSourcesBuildPhase section */

/* Begin PBXVariantGroup section */
		C9E192BE2C64EFA0003CF532 /* LaunchScreen.storyboard */ = {
			isa = PBXVariantGroup;
			children = (
				C9E192BF2C64EFA0003CF532 /* Base */,
			);
			name = LaunchScreen.storyboard;
			sourceTree = "<group>";
		};
/* End PBXVariantGroup section */

/* Begin XCBuildConfiguration section */
		C9E192C22C64EFA0003CF532 /* Debug */ = {
			isa = XCBuildConfiguration;
			buildSettings = {
				ALWAYS_SEARCH_USER_PATHS = NO;
				ASSETCATALOG_COMPILER_GENERATE_SWIFT_ASSET_SYMBOL_EXTENSIONS = YES;
				CLANG_ANALYZER_NONNULL = YES;
				CLANG_ANALYZER_NUMBER_OBJECT_CONVERSION = YES_AGGRESSIVE;
				CLANG_CXX_LANGUAGE_STANDARD = "gnu++20";
				CLANG_ENABLE_MODULES = YES;
				CLANG_ENABLE_OBJC_ARC = YES;
				CLANG_ENABLE_OBJC_WEAK = YES;
				CLANG_WARN_BLOCK_CAPTURE_AUTORELEASING = YES;
				CLANG_WARN_BOOL_CONVERSION = YES;
				CLANG_WARN_COMMA = YES;
				CLANG_WARN_CONSTANT_CONVERSION = YES;
				CLANG_WARN_DEPRECATED_OBJC_IMPLEMENTATIONS = YES;
				CLANG_WARN_DIRECT_OBJC_ISA_USAGE = YES_ERROR;
				CLANG_WARN_DOCUMENTATION_COMMENTS = YES;
				CLANG_WARN_EMPTY_BODY = YES;
				CLANG_WARN_ENUM_CONVERSION = YES;
				CLANG_WARN_INFINITE_RECURSION = YES;
				CLANG_WARN_INT_CONVERSION = YES;
				CLANG_WARN_NON_LITERAL_NULL_CONVERSION = YES;
				CLANG_WARN_OBJC_IMPLICIT_RETAIN_SELF = YES;
				CLANG_WARN_OBJC_LITERAL_CONVERSION = YES;
				CLANG_WARN_OBJC_ROOT_CLASS = YES_ERROR;
				CLANG_WARN_QUOTED_INCLUDE_IN_FRAMEWORK_HEADER = YES;
				CLANG_WARN_RANGE_LOOP_ANALYSIS = YES;
				CLANG_WARN_STRICT_PROTOTYPES = YES;
				CLANG_WARN_SUSPICIOUS_MOVE = YES;
				CLANG_WARN_UNGUARDED_AVAILABILITY = YES_AGGRESSIVE;
				CLANG_WARN_UNREACHABLE_CODE = YES;
				CLANG_WARN__DUPLICATE_METHOD_MATCH = YES;
				COPY_PHASE_STRIP = NO;
				DEBUG_INFORMATION_FORMAT = dwarf;
				ENABLE_STRICT_OBJC_MSGSEND = YES;
				ENABLE_TESTABILITY = YES;
				ENABLE_USER_SCRIPT_SANDBOXING = YES;
				GCC_C_LANGUAGE_STANDARD = gnu17;
				GCC_DYNAMIC_NO_PIC = NO;
				GCC_NO_COMMON_BLOCKS = YES;
				GCC_OPTIMIZATION_LEVEL = 0;
				GCC_PREPROCESSOR_DEFINITIONS = (
					"DEBUG=1",
					"$(inherited)",
				);
				GCC_WARN_64_TO_32_BIT_CONVERSION = YES;
				GCC_WARN_ABOUT_RETURN_TYPE = YES_ERROR;
				GCC_WARN_UNDECLARED_SELECTOR = YES;
				GCC_WARN_UNINITIALIZED_AUTOS = YES_AGGRESSIVE;
				GCC_WARN_UNUSED_FUNCTION = YES;
				GCC_WARN_UNUSED_VARIABLE = YES;
				IPHONEOS_DEPLOYMENT_TARGET = 16.0;
				LOCALIZATION_PREFERS_STRING_CATALOGS = YES;
				MTL_ENABLE_DEBUG_INFO = INCLUDE_SOURCE;
				MTL_FAST_MATH = YES;
				ONLY_ACTIVE_ARCH = YES;
				SDKROOT = iphoneos;
				SWIFT_ACTIVE_COMPILATION_CONDITIONS = "DEBUG $(inherited)";
				SWIFT_OPTIMIZATION_LEVEL = "-Onone";
			};
			name = Debug;
		};
		C9E192C32C64EFA0003CF532 /* Release */ = {
			isa = XCBuildConfiguration;
			buildSettings = {
				ALWAYS_SEARCH_USER_PATHS = NO;
				ASSETCATALOG_COMPILER_GENERATE_SWIFT_ASSET_SYMBOL_EXTENSIONS = YES;
				CLANG_ANALYZER_NONNULL = YES;
				CLANG_ANALYZER_NUMBER_OBJECT_CONVERSION = YES_AGGRESSIVE;
				CLANG_CXX_LANGUAGE_STANDARD = "gnu++20";
				CLANG_ENABLE_MODULES = YES;
				CLANG_ENABLE_OBJC_ARC = YES;
				CLANG_ENABLE_OBJC_WEAK = YES;
				CLANG_WARN_BLOCK_CAPTURE_AUTORELEASING = YES;
				CLANG_WARN_BOOL_CONVERSION = YES;
				CLANG_WARN_COMMA = YES;
				CLANG_WARN_CONSTANT_CONVERSION = YES;
				CLANG_WARN_DEPRECATED_OBJC_IMPLEMENTATIONS = YES;
				CLANG_WARN_DIRECT_OBJC_ISA_USAGE = YES_ERROR;
				CLANG_WARN_DOCUMENTATION_COMMENTS = YES;
				CLANG_WARN_EMPTY_BODY = YES;
				CLANG_WARN_ENUM_CONVERSION = YES;
				CLANG_WARN_INFINITE_RECURSION = YES;
				CLANG_WARN_INT_CONVERSION = YES;
				CLANG_WARN_NON_LITERAL_NULL_CONVERSION = YES;
				CLANG_WARN_OBJC_IMPLICIT_RETAIN_SELF = YES;
				CLANG_WARN_OBJC_LITERAL_CONVERSION = YES;
				CLANG_WARN_OBJC_ROOT_CLASS = YES_ERROR;
				CLANG_WARN_QUOTED_INCLUDE_IN_FRAMEWORK_HEADER = YES;
				CLANG_WARN_RANGE_LOOP_ANALYSIS = YES;
				CLANG_WARN_STRICT_PROTOTYPES = YES;
				CLANG_WARN_SUSPICIOUS_MOVE = YES;
				CLANG_WARN_UNGUARDED_AVAILABILITY = YES_AGGRESSIVE;
				CLANG_WARN_UNREACHABLE_CODE = YES;
				CLANG_WARN__DUPLICATE_METHOD_MATCH = YES;
				COPY_PHASE_STRIP = NO;
				DEBUG_INFORMATION_FORMAT = "dwarf-with-dsym";
				ENABLE_NS_ASSERTIONS = NO;
				ENABLE_STRICT_OBJC_MSGSEND = YES;
				ENABLE_USER_SCRIPT_SANDBOXING = YES;
				GCC_C_LANGUAGE_STANDARD = gnu17;
				GCC_NO_COMMON_BLOCKS = YES;
				GCC_WARN_64_TO_32_BIT_CONVERSION = YES;
				GCC_WARN_ABOUT_RETURN_TYPE = YES_ERROR;
				GCC_WARN_UNDECLARED_SELECTOR = YES;
				GCC_WARN_UNINITIALIZED_AUTOS = YES_AGGRESSIVE;
				GCC_WARN_UNUSED_FUNCTION = YES;
				GCC_WARN_UNUSED_VARIABLE = YES;
				IPHONEOS_DEPLOYMENT_TARGET = 16.0;
				LOCALIZATION_PREFERS_STRING_CATALOGS = YES;
				MTL_ENABLE_DEBUG_INFO = NO;
				MTL_FAST_MATH = YES;
				SDKROOT = iphoneos;
				SWIFT_COMPILATION_MODE = wholemodule;
				VALIDATE_PRODUCT = YES;
			};
			name = Release;
		};
		C9E192C52C64EFA0003CF532 /* Debug */ = {
			isa = XCBuildConfiguration;
			buildSettings = {
				ASSETCATALOG_COMPILER_APPICON_NAME = AppIcon;
				ASSETCATALOG_COMPILER_GLOBAL_ACCENT_COLOR_NAME = AccentColor;
				CODE_SIGN_STYLE = Automatic;
				CURRENT_PROJECT_VERSION = 1;
				DEVELOPMENT_TEAM = T4W7695R5C;
				GENERATE_INFOPLIST_FILE = YES;
				INFOPLIST_FILE = AppstoreSearch/Resource/Info.plist;
				INFOPLIST_KEY_UIApplicationSupportsIndirectInputEvents = YES;
				INFOPLIST_KEY_UILaunchStoryboardName = LaunchScreen;
				INFOPLIST_KEY_UISupportedInterfaceOrientations = UIInterfaceOrientationPortrait;
				INFOPLIST_KEY_UISupportedInterfaceOrientations_iPad = UIInterfaceOrientationPortrait;
				LD_RUNPATH_SEARCH_PATHS = (
					"$(inherited)",
					"@executable_path/Frameworks",
				);
				MARKETING_VERSION = 1.0;
				PRODUCT_BUNDLE_IDENTIFIER = com.jisooHAM.AppstoreSearch;
				PRODUCT_NAME = "$(TARGET_NAME)";
				SUPPORTED_PLATFORMS = "iphoneos iphonesimulator";
				SUPPORTS_MACCATALYST = NO;
				SUPPORTS_MAC_DESIGNED_FOR_IPHONE_IPAD = NO;
				SUPPORTS_XR_DESIGNED_FOR_IPHONE_IPAD = NO;
				SWIFT_EMIT_LOC_STRINGS = YES;
				SWIFT_VERSION = 5.0;
				TARGETED_DEVICE_FAMILY = 1;
			};
			name = Debug;
		};
		C9E192C62C64EFA0003CF532 /* Release */ = {
			isa = XCBuildConfiguration;
			buildSettings = {
				ASSETCATALOG_COMPILER_APPICON_NAME = AppIcon;
				ASSETCATALOG_COMPILER_GLOBAL_ACCENT_COLOR_NAME = AccentColor;
				CODE_SIGN_STYLE = Automatic;
				CURRENT_PROJECT_VERSION = 1;
				DEVELOPMENT_TEAM = T4W7695R5C;
				GENERATE_INFOPLIST_FILE = YES;
				INFOPLIST_FILE = AppstoreSearch/Resource/Info.plist;
				INFOPLIST_KEY_UIApplicationSupportsIndirectInputEvents = YES;
				INFOPLIST_KEY_UILaunchStoryboardName = LaunchScreen;
				INFOPLIST_KEY_UISupportedInterfaceOrientations = UIInterfaceOrientationPortrait;
				INFOPLIST_KEY_UISupportedInterfaceOrientations_iPad = UIInterfaceOrientationPortrait;
				LD_RUNPATH_SEARCH_PATHS = (
					"$(inherited)",
					"@executable_path/Frameworks",
				);
				MARKETING_VERSION = 1.0;
				PRODUCT_BUNDLE_IDENTIFIER = com.jisooHAM.AppstoreSearch;
				PRODUCT_NAME = "$(TARGET_NAME)";
				SUPPORTED_PLATFORMS = "iphoneos iphonesimulator";
				SUPPORTS_MACCATALYST = NO;
				SUPPORTS_MAC_DESIGNED_FOR_IPHONE_IPAD = NO;
				SUPPORTS_XR_DESIGNED_FOR_IPHONE_IPAD = NO;
				SWIFT_EMIT_LOC_STRINGS = YES;
				SWIFT_VERSION = 5.0;
				TARGETED_DEVICE_FAMILY = 1;
			};
			name = Release;
		};
/* End XCBuildConfiguration section */

/* Begin XCConfigurationList section */
		C9E192AB2C64EF9F003CF532 /* Build configuration list for PBXProject "AppstoreSearch" */ = {
			isa = XCConfigurationList;
			buildConfigurations = (
				C9E192C22C64EFA0003CF532 /* Debug */,
				C9E192C32C64EFA0003CF532 /* Release */,
			);
			defaultConfigurationIsVisible = 0;
			defaultConfigurationName = Release;
		};
		C9E192C42C64EFA0003CF532 /* Build configuration list for PBXNativeTarget "AppstoreSearch" */ = {
			isa = XCConfigurationList;
			buildConfigurations = (
				C9E192C52C64EFA0003CF532 /* Debug */,
				C9E192C62C64EFA0003CF532 /* Release */,
			);
			defaultConfigurationIsVisible = 0;
			defaultConfigurationName = Release;
		};
/* End XCConfigurationList section */

/* Begin XCRemoteSwiftPackageReference section */
		C94A15E12C64FD8F003A94AE /* XCRemoteSwiftPackageReference "SnapKit" */ = {
			isa = XCRemoteSwiftPackageReference;
			repositoryURL = "https://github.com/SnapKit/SnapKit.git";
			requirement = {
				kind = upToNextMajorVersion;
				minimumVersion = 5.7.1;
			};
		};
		C94A15E42C64FDD5003A94AE /* XCRemoteSwiftPackageReference "RxSwift" */ = {
			isa = XCRemoteSwiftPackageReference;
			repositoryURL = "https://github.com/ReactiveX/RxSwift.git";
			requirement = {
				kind = upToNextMajorVersion;
				minimumVersion = 6.7.1;
			};
		};
/* End XCRemoteSwiftPackageReference section */

/* Begin XCSwiftPackageProductDependency section */
		C94A15E22C64FD8F003A94AE /* SnapKit */ = {
			isa = XCSwiftPackageProductDependency;
			package = C94A15E12C64FD8F003A94AE /* XCRemoteSwiftPackageReference "SnapKit" */;
			productName = SnapKit;
		};
		C94A15E52C64FDD5003A94AE /* RxCocoa */ = {
			isa = XCSwiftPackageProductDependency;
			package = C94A15E42C64FDD5003A94AE /* XCRemoteSwiftPackageReference "RxSwift" */;
			productName = RxCocoa;
		};
		C94A15E72C64FDD5003A94AE /* RxSwift */ = {
			isa = XCSwiftPackageProductDependency;
			package = C94A15E42C64FDD5003A94AE /* XCRemoteSwiftPackageReference "RxSwift" */;
			productName = RxSwift;
		};
/* End XCSwiftPackageProductDependency section */
	};
	rootObject = C9E192A82C64EF9F003CF532 /* Project object */;
}
